
Microsoft Visual Studio Solution File, Format Version 12.00
# Visual Studio Version 16
VisualStudioVersion = 16.0.33529.622
MinimumVisualStudioVersion = 10.0.40219.1
Project("{FAE04EC0-301F-11D3-BF4B-00C04F79EFBC}") = "EventAgencyApp", "WpfApp5\EventAgencyApp.csproj", "{30FD18CD-6C8B-4BC4-8593-D2CA8603DE53}"
EndProject
Project("{FAE04EC0-301F-11D3-BF4B-00C04F79EFBC}") = "EventTests", "EventTests\EventTests.csproj", "{92154ABB-0AE3-4776-A6E5-1883FA77940A}"
EndProject
Global
	GlobalSection(SolutionConfigurationPlatforms) = preSolution
		Debug|Any CPU = Debug|Any CPU
		Release|Any CPU = Release|Any CPU
	EndGlobalSection
	GlobalSection(ProjectConfigurationPlatforms) = postSolution
		{30FD18CD-6C8B-4BC4-8593-D2CA8603DE53}.Debug|Any CPU.ActiveCfg = Debug|Any CPU
		{30FD18CD-6C8B-4BC4-8593-D2CA8603DE53}.Debug|Any CPU.Build.0 = Debug|Any CPU
		{30FD18CD-6C8B-4BC4-8593-D2CA8603DE53}.Release|Any CPU.ActiveCfg = Release|Any CPU
		{30FD18CD-6C8B-4BC4-8593-D2CA8603DE53}.Release|Any CPU.Build.0 = Release|Any CPU
		{92154ABB-0AE3-4776-A6E5-1883FA77940A}.Debug|Any CPU.ActiveCfg = Debug|Any CPU
		{92154ABB-0AE3-4776-A6E5-1883FA77940A}.Debug|Any CPU.Build.0 = Debug|Any CPU
		{92154ABB-0AE3-4776-A6E5-1883FA77940A}.Release|Any CPU.ActiveCfg = Release|Any CPU
		{92154ABB-0AE3-4776-A6E5-1883FA77940A}.Release|Any CPU.Build.0 = Release|Any CPU
	EndGlobalSection
	GlobalSection(SolutionProperties) = preSolution
		HideSolutionNode = FALSE
	EndGlobalSection
	GlobalSection(ExtensibilityGlobals) = postSolution
		SolutionGuid = {7227A655-DD67-4A92-A66B-4F587093895D}
	EndGlobalSection
EndGlobal
